
Microsoft Visual Studio Solution File, Format Version 12.00
# Visual Studio Version 17
VisualStudioVersion = 17.7.34018.315
MinimumVisualStudioVersion = 10.0.40219.1
Project("{FAE04EC0-301F-11D3-BF4B-00C04F79EFBC}") = "TicTacToeChallenge", "TicTacToeChallenge\TicTacToeChallenge.csproj", "{78554BF9-457C-4C2F-9B52-58133F6417E9}"
EndProject
Global
	GlobalSection(SolutionConfigurationPlatforms) = preSolution
		Debug|Any CPU = Debug|Any CPU
		Release|Any CPU = Release|Any CPU
	EndGlobalSection
	GlobalSection(ProjectConfigurationPlatforms) = postSolution
		{78554BF9-457C-4C2F-9B52-58133F6417E9}.Debug|Any CPU.ActiveCfg = Debug|Any CPU
		{78554BF9-457C-4C2F-9B52-58133F6417E9}.Debug|Any CPU.Build.0 = Debug|Any CPU
		{78554BF9-457C-4C2F-9B52-58133F6417E9}.Release|Any CPU.ActiveCfg = Release|Any CPU
		{78554BF9-457C-4C2F-9B52-58133F6417E9}.Release|Any CPU.Build.0 = Release|Any CPU
	EndGlobalSection
	GlobalSection(SolutionProperties) = preSolution
		HideSolutionNode = FALSE
	EndGlobalSection
	GlobalSection(ExtensibilityGlobals) = postSolution
		SolutionGuid = {5C35A340-E33F-4AAA-B281-13196338C132}
	EndGlobalSection
EndGlobal
